{
  "name": "micropython-microbit-stubs",
  "version": "1.0.0",
  "lockfileVersion": 1,
  "requires": true,
  "dependencies": {
    "pyright": {
      "version": "1.1.166",
      "resolved": "https://registry.npmjs.org/pyright/-/pyright-1.1.166.tgz",
      "integrity": "sha512-mO+iPT2dhHzlplAV3iKE6u4gUstGZxxLyMSRd1PKZqWhwhTCCGjn3/7VqbAwUt4fuhY8g0V+SAsu+MPT4H3FvQ=="
    }
  }
}
